
Microsoft Visual Studio Solution File, Format Version 12.00
# Visual Studio 14
VisualStudioVersion = 14.0.25123.0
MinimumVisualStudioVersion = 10.0.40219.1
Project("{FAE04EC0-301F-11D3-BF4B-00C04F79EFBC}") = "ConsoleApplication53", "ConsoleApplication53\ConsoleApplication53.csproj", "{EFC1BEB6-9985-4049-A4C6-FCF8BE056CCC}"
EndProject
Global
	GlobalSection(SolutionConfigurationPlatforms) = preSolution
		Debug|Any CPU = Debug|Any CPU
		Release|Any CPU = Release|Any CPU
	EndGlobalSection
	GlobalSection(ProjectConfigurationPlatforms) = postSolution
		{EFC1BEB6-9985-4049-A4C6-FCF8BE056CCC}.Debug|Any CPU.ActiveCfg = Debug|Any CPU
		{EFC1BEB6-9985-4049-A4C6-FCF8BE056CCC}.Debug|Any CPU.Build.0 = Debug|Any CPU
		{EFC1BEB6-9985-4049-A4C6-FCF8BE056CCC}.Release|Any CPU.ActiveCfg = Release|Any CPU
		{EFC1BEB6-9985-4049-A4C6-FCF8BE056CCC}.Release|Any CPU.Build.0 = Release|Any CPU
	EndGlobalSection
	GlobalSection(SolutionProperties) = preSolution
		HideSolutionNode = FALSE
	EndGlobalSection
EndGlobal
