
Microsoft Visual Studio Solution File, Format Version 12.00
# Visual Studio 14
VisualStudioVersion = 14.0.25123.0
MinimumVisualStudioVersion = 10.0.40219.1
Project("{FAE04EC0-301F-11D3-BF4B-00C04F79EFBC}") = "ConsoleApplication29", "ConsoleApplication29\ConsoleApplication29.csproj", "{DD18AD50-80A5-46FD-919D-ED52B5C2BCCC}"
EndProject
Global
	GlobalSection(SolutionConfigurationPlatforms) = preSolution
		Debug|Any CPU = Debug|Any CPU
		Release|Any CPU = Release|Any CPU
	EndGlobalSection
	GlobalSection(ProjectConfigurationPlatforms) = postSolution
		{DD18AD50-80A5-46FD-919D-ED52B5C2BCCC}.Debug|Any CPU.ActiveCfg = Debug|Any CPU
		{DD18AD50-80A5-46FD-919D-ED52B5C2BCCC}.Debug|Any CPU.Build.0 = Debug|Any CPU
		{DD18AD50-80A5-46FD-919D-ED52B5C2BCCC}.Release|Any CPU.ActiveCfg = Release|Any CPU
		{DD18AD50-80A5-46FD-919D-ED52B5C2BCCC}.Release|Any CPU.Build.0 = Release|Any CPU
	EndGlobalSection
	GlobalSection(SolutionProperties) = preSolution
		HideSolutionNode = FALSE
	EndGlobalSection
EndGlobal
