
Microsoft Visual Studio Solution File, Format Version 12.00
# Visual Studio 14
VisualStudioVersion = 14.0.25123.0
MinimumVisualStudioVersion = 10.0.40219.1
Project("{FAE04EC0-301F-11D3-BF4B-00C04F79EFBC}") = "ConsoleApplication52", "ConsoleApplication52\ConsoleApplication52.csproj", "{735FC992-D67F-48F0-B9FC-8FBCDB20151D}"
EndProject
Global
	GlobalSection(SolutionConfigurationPlatforms) = preSolution
		Debug|Any CPU = Debug|Any CPU
		Release|Any CPU = Release|Any CPU
	EndGlobalSection
	GlobalSection(ProjectConfigurationPlatforms) = postSolution
		{735FC992-D67F-48F0-B9FC-8FBCDB20151D}.Debug|Any CPU.ActiveCfg = Debug|Any CPU
		{735FC992-D67F-48F0-B9FC-8FBCDB20151D}.Debug|Any CPU.Build.0 = Debug|Any CPU
		{735FC992-D67F-48F0-B9FC-8FBCDB20151D}.Release|Any CPU.ActiveCfg = Release|Any CPU
		{735FC992-D67F-48F0-B9FC-8FBCDB20151D}.Release|Any CPU.Build.0 = Release|Any CPU
	EndGlobalSection
	GlobalSection(SolutionProperties) = preSolution
		HideSolutionNode = FALSE
	EndGlobalSection
EndGlobal
