
Microsoft Visual Studio Solution File, Format Version 12.00
# Visual Studio 14
VisualStudioVersion = 14.0.25123.0
MinimumVisualStudioVersion = 10.0.40219.1
Project("{FAE04EC0-301F-11D3-BF4B-00C04F79EFBC}") = "ConsoleApplication17", "ConsoleApplication17\ConsoleApplication17.csproj", "{1697FF8D-98F2-476C-9321-9B39DA94228B}"
EndProject
Global
	GlobalSection(SolutionConfigurationPlatforms) = preSolution
		Debug|Any CPU = Debug|Any CPU
		Release|Any CPU = Release|Any CPU
	EndGlobalSection
	GlobalSection(ProjectConfigurationPlatforms) = postSolution
		{1697FF8D-98F2-476C-9321-9B39DA94228B}.Debug|Any CPU.ActiveCfg = Debug|Any CPU
		{1697FF8D-98F2-476C-9321-9B39DA94228B}.Debug|Any CPU.Build.0 = Debug|Any CPU
		{1697FF8D-98F2-476C-9321-9B39DA94228B}.Release|Any CPU.ActiveCfg = Release|Any CPU
		{1697FF8D-98F2-476C-9321-9B39DA94228B}.Release|Any CPU.Build.0 = Release|Any CPU
	EndGlobalSection
	GlobalSection(SolutionProperties) = preSolution
		HideSolutionNode = FALSE
	EndGlobalSection
EndGlobal
