
Microsoft Visual Studio Solution File, Format Version 12.00
# Visual Studio 14
VisualStudioVersion = 14.0.25123.0
MinimumVisualStudioVersion = 10.0.40219.1
Project("{FAE04EC0-301F-11D3-BF4B-00C04F79EFBC}") = "ConsoleApplication6", "ConsoleApplication6\ConsoleApplication6.csproj", "{E1FA9F84-5097-4FF4-99B0-04A6D20CE3AC}"
EndProject
Global
	GlobalSection(SolutionConfigurationPlatforms) = preSolution
		Debug|Any CPU = Debug|Any CPU
		Release|Any CPU = Release|Any CPU
	EndGlobalSection
	GlobalSection(ProjectConfigurationPlatforms) = postSolution
		{E1FA9F84-5097-4FF4-99B0-04A6D20CE3AC}.Debug|Any CPU.ActiveCfg = Debug|Any CPU
		{E1FA9F84-5097-4FF4-99B0-04A6D20CE3AC}.Debug|Any CPU.Build.0 = Debug|Any CPU
		{E1FA9F84-5097-4FF4-99B0-04A6D20CE3AC}.Release|Any CPU.ActiveCfg = Release|Any CPU
		{E1FA9F84-5097-4FF4-99B0-04A6D20CE3AC}.Release|Any CPU.Build.0 = Release|Any CPU
	EndGlobalSection
	GlobalSection(SolutionProperties) = preSolution
		HideSolutionNode = FALSE
	EndGlobalSection
EndGlobal
