
Microsoft Visual Studio Solution File, Format Version 12.00
# Visual Studio 14
VisualStudioVersion = 14.0.25123.0
MinimumVisualStudioVersion = 10.0.40219.1
Project("{FAE04EC0-301F-11D3-BF4B-00C04F79EFBC}") = "ConsoleApplication16", "ConsoleApplication16\ConsoleApplication16.csproj", "{62876A0B-A2C6-4FC2-A7DD-3CB687497529}"
EndProject
Global
	GlobalSection(SolutionConfigurationPlatforms) = preSolution
		Debug|Any CPU = Debug|Any CPU
		Release|Any CPU = Release|Any CPU
	EndGlobalSection
	GlobalSection(ProjectConfigurationPlatforms) = postSolution
		{62876A0B-A2C6-4FC2-A7DD-3CB687497529}.Debug|Any CPU.ActiveCfg = Debug|Any CPU
		{62876A0B-A2C6-4FC2-A7DD-3CB687497529}.Debug|Any CPU.Build.0 = Debug|Any CPU
		{62876A0B-A2C6-4FC2-A7DD-3CB687497529}.Release|Any CPU.ActiveCfg = Release|Any CPU
		{62876A0B-A2C6-4FC2-A7DD-3CB687497529}.Release|Any CPU.Build.0 = Release|Any CPU
	EndGlobalSection
	GlobalSection(SolutionProperties) = preSolution
		HideSolutionNode = FALSE
	EndGlobalSection
EndGlobal
