
Microsoft Visual Studio Solution File, Format Version 12.00
# Visual Studio 14
VisualStudioVersion = 14.0.25123.0
MinimumVisualStudioVersion = 10.0.40219.1
Project("{FAE04EC0-301F-11D3-BF4B-00C04F79EFBC}") = "katılım_abstract", "katılım_abstract\katılım_abstract.csproj", "{419A9AE7-C5DC-4CFA-9072-186521BEA3BD}"
EndProject
Global
	GlobalSection(SolutionConfigurationPlatforms) = preSolution
		Debug|Any CPU = Debug|Any CPU
		Release|Any CPU = Release|Any CPU
	EndGlobalSection
	GlobalSection(ProjectConfigurationPlatforms) = postSolution
		{419A9AE7-C5DC-4CFA-9072-186521BEA3BD}.Debug|Any CPU.ActiveCfg = Debug|Any CPU
		{419A9AE7-C5DC-4CFA-9072-186521BEA3BD}.Debug|Any CPU.Build.0 = Debug|Any CPU
		{419A9AE7-C5DC-4CFA-9072-186521BEA3BD}.Release|Any CPU.ActiveCfg = Release|Any CPU
		{419A9AE7-C5DC-4CFA-9072-186521BEA3BD}.Release|Any CPU.Build.0 = Release|Any CPU
	EndGlobalSection
	GlobalSection(SolutionProperties) = preSolution
		HideSolutionNode = FALSE
	EndGlobalSection
EndGlobal
