
Microsoft Visual Studio Solution File, Format Version 12.00
# Visual Studio 14
VisualStudioVersion = 14.0.25123.0
MinimumVisualStudioVersion = 10.0.40219.1
Project("{FAE04EC0-301F-11D3-BF4B-00C04F79EFBC}") = "ODEV3_WF", "ODEV3-WF\ODEV3_WF.csproj", "{4E133700-1516-492A-A913-3DDA2386A170}"
EndProject
Project("{FAE04EC0-301F-11D3-BF4B-00C04F79EFBC}") = "ODEV3_IS", "ODEV3-IS\ODEV3_IS.csproj", "{4BA8814B-F96E-43AC-BA1E-EDC77703AA6B}"
EndProject
Global
	GlobalSection(SolutionConfigurationPlatforms) = preSolution
		Debug|Any CPU = Debug|Any CPU
		Release|Any CPU = Release|Any CPU
	EndGlobalSection
	GlobalSection(ProjectConfigurationPlatforms) = postSolution
		{4E133700-1516-492A-A913-3DDA2386A170}.Debug|Any CPU.ActiveCfg = Debug|Any CPU
		{4E133700-1516-492A-A913-3DDA2386A170}.Debug|Any CPU.Build.0 = Debug|Any CPU
		{4E133700-1516-492A-A913-3DDA2386A170}.Release|Any CPU.ActiveCfg = Release|Any CPU
		{4E133700-1516-492A-A913-3DDA2386A170}.Release|Any CPU.Build.0 = Release|Any CPU
		{4BA8814B-F96E-43AC-BA1E-EDC77703AA6B}.Debug|Any CPU.ActiveCfg = Debug|Any CPU
		{4BA8814B-F96E-43AC-BA1E-EDC77703AA6B}.Debug|Any CPU.Build.0 = Debug|Any CPU
		{4BA8814B-F96E-43AC-BA1E-EDC77703AA6B}.Release|Any CPU.ActiveCfg = Release|Any CPU
		{4BA8814B-F96E-43AC-BA1E-EDC77703AA6B}.Release|Any CPU.Build.0 = Release|Any CPU
	EndGlobalSection
	GlobalSection(SolutionProperties) = preSolution
		HideSolutionNode = FALSE
	EndGlobalSection
EndGlobal
