
Microsoft Visual Studio Solution File, Format Version 12.00
# Visual Studio 14
VisualStudioVersion = 14.0.25123.0
MinimumVisualStudioVersion = 10.0.40219.1
Project("{FAE04EC0-301F-11D3-BF4B-00C04F79EFBC}") = "dosya olusturma", "dosya olusturma\dosya olusturma.csproj", "{74DDC1E4-CC0F-41EB-A43F-0D18C39FCE53}"
EndProject
Global
	GlobalSection(SolutionConfigurationPlatforms) = preSolution
		Debug|Any CPU = Debug|Any CPU
		Release|Any CPU = Release|Any CPU
	EndGlobalSection
	GlobalSection(ProjectConfigurationPlatforms) = postSolution
		{74DDC1E4-CC0F-41EB-A43F-0D18C39FCE53}.Debug|Any CPU.ActiveCfg = Debug|Any CPU
		{74DDC1E4-CC0F-41EB-A43F-0D18C39FCE53}.Debug|Any CPU.Build.0 = Debug|Any CPU
		{74DDC1E4-CC0F-41EB-A43F-0D18C39FCE53}.Release|Any CPU.ActiveCfg = Release|Any CPU
		{74DDC1E4-CC0F-41EB-A43F-0D18C39FCE53}.Release|Any CPU.Build.0 = Release|Any CPU
	EndGlobalSection
	GlobalSection(SolutionProperties) = preSolution
		HideSolutionNode = FALSE
	EndGlobalSection
EndGlobal
