
Microsoft Visual Studio Solution File, Format Version 12.00
# Visual Studio 14
VisualStudioVersion = 14.0.25123.0
MinimumVisualStudioVersion = 10.0.40219.1
Project("{FAE04EC0-301F-11D3-BF4B-00C04F79EFBC}") = "WindowsFormsApplication2", "WindowsFormsApplication2\WindowsFormsApplication2.csproj", "{EB676F8E-B79F-439D-9848-CE0EFA0A0A4A}"
EndProject
Global
	GlobalSection(SolutionConfigurationPlatforms) = preSolution
		Debug|Any CPU = Debug|Any CPU
		Release|Any CPU = Release|Any CPU
	EndGlobalSection
	GlobalSection(ProjectConfigurationPlatforms) = postSolution
		{EB676F8E-B79F-439D-9848-CE0EFA0A0A4A}.Debug|Any CPU.ActiveCfg = Debug|Any CPU
		{EB676F8E-B79F-439D-9848-CE0EFA0A0A4A}.Debug|Any CPU.Build.0 = Debug|Any CPU
		{EB676F8E-B79F-439D-9848-CE0EFA0A0A4A}.Release|Any CPU.ActiveCfg = Release|Any CPU
		{EB676F8E-B79F-439D-9848-CE0EFA0A0A4A}.Release|Any CPU.Build.0 = Release|Any CPU
	EndGlobalSection
	GlobalSection(SolutionProperties) = preSolution
		HideSolutionNode = FALSE
	EndGlobalSection
EndGlobal
